{
    "_readme": [
        "This file locks the dependencies of your project to a known state",
        "Read more about it at https://getcomposer.org/doc/01-basic-usage.md#installing-dependencies",
        "This file is @generated automatically"
    ],
    "content-hash": "535de2e0c0d8abd34ab96354d1ac55a6",
    "packages": [
        {
            "name": "facebook/definition-finder",
            "version": "dev-master",
            "source": {
                "type": "git",
                "url": "https://github.com/hhvm/definition-finder.git",
                "reference": "ccff7686bfe36395b374efea2206c179a52556c9"
            },
            "dist": {
                "type": "zip",
                "url": "https://api.github.com/repos/hhvm/definition-finder/zipball/ccff7686bfe36395b374efea2206c179a52556c9",
                "reference": "ccff7686bfe36395b374efea2206c179a52556c9",
                "shasum": ""
            },
            "require": {
                "hhvm": "^4.78",
                "hhvm/hhast": "^4.21.4",
                "hhvm/hhvm-autoload": "^2.0|^3.0",
                "hhvm/hsl": "^4.0",
                "hhvm/type-assert": "^3.2|^4.0"
            },
            "require-dev": {
                "facebook/fbexpect": "^2.6.1",
                "hhvm/hacktest": "^2.0"
            },
            "type": "library",
            "extra": {
                "branch-alias": {
                    "dev-master": "2.x-dev"
                }
            },
            "notification-url": "https://packagist.org/downloads/",
            "license": [
                "MIT"
            ],
            "description": "Find definitions in PHP or Hack files. Useful for autoloaders.",
            "homepage": "https://github.com/hhvm/definitions-finder",
            "keywords": [
                "autoload",
                "definitions",
                "hack",
                "hhvm"
            ],
            "time": "2020-11-13T21:43:49+00:00"
        },
        {
            "name": "facebook/difflib",
            "version": "dev-master",
            "source": {
                "type": "git",
                "url": "https://github.com/hhvm/difflib.git",
                "reference": "e4085d709ca64a8ca138a6b593bba0e11eb2c979"
            },
            "dist": {
                "type": "zip",
                "url": "https://api.github.com/repos/hhvm/difflib/zipball/e4085d709ca64a8ca138a6b593bba0e11eb2c979",
                "reference": "e4085d709ca64a8ca138a6b593bba0e11eb2c979",
                "shasum": ""
            },
            "require": {
                "hhvm": "^4.8",
                "hhvm/hsl": "^4.0"
            },
            "require-dev": {
                "facebook/fbexpect": "^2.1.2",
                "hhvm/hacktest": "^2.0",
                "hhvm/hhast": "^4.0",
                "hhvm/hhvm-autoload": "^2.0|^3.0"
            },
            "type": "library",
            "extra": {
                "branch-alias": {
                    "dev-master": "1.x-dev"
                }
            },
            "notification-url": "https://packagist.org/downloads/",
            "license": [
                "MIT"
            ],
            "time": "2020-07-27T21:41:07+00:00"
        },
        {
            "name": "facebook/fbexpect",
            "version": "dev-master",
            "source": {
                "type": "git",
                "url": "https://github.com/hhvm/fbexpect.git",
                "reference": "c2851185a267f647cd7eaaffe4e00e39f8b4281b"
            },
            "dist": {
                "type": "zip",
                "url": "https://api.github.com/repos/hhvm/fbexpect/zipball/c2851185a267f647cd7eaaffe4e00e39f8b4281b",
                "reference": "c2851185a267f647cd7eaaffe4e00e39f8b4281b",
                "shasum": ""
            },
            "require": {
                "facebook/difflib": "^1.0.0",
                "hhvm": "^4.45",
                "hhvm/hacktest": "^1.0|^2.0",
                "hhvm/hsl": "^4.0"
            },
            "require-dev": {
                "hhvm/hhast": "^4.0",
                "hhvm/hhvm-autoload": "^2.0|^3.0"
            },
            "type": "library",
            "notification-url": "https://packagist.org/downloads/",
            "license": [
                "MIT"
            ],
            "description": "Unit test helpers for Facebook projects",
            "time": "2020-11-13T18:29:34+00:00"
        },
        {
            "name": "facebook/fbmarkdown",
            "version": "dev-master",
            "source": {
                "type": "git",
                "url": "https://github.com/hhvm/fbmarkdown.git",
                "reference": "41fd538a0a9144b1fabfbbfe751e4393365b7e57"
            },
            "dist": {
                "type": "zip",
                "url": "https://api.github.com/repos/hhvm/fbmarkdown/zipball/41fd538a0a9144b1fabfbbfe751e4393365b7e57",
                "reference": "41fd538a0a9144b1fabfbbfe751e4393365b7e57",
                "shasum": ""
            },
            "require": {
                "hhvm": "^4.25",
                "hhvm/hsl": "^4.0",
                "hhvm/type-assert": "^3.1|^4.0"
            },
            "require-dev": {
                "facebook/fbexpect": "^2.1.0",
                "hhvm/hacktest": "^2.0",
                "hhvm/hhast": "^4.0",
                "hhvm/hhvm-autoload": "^2.0|^3.0"
            },
            "type": "library",
            "extra": {
                "branch-alias": {
                    "dev-master": "1.x-dev"
                }
            },
            "notification-url": "https://packagist.org/downloads/",
            "license": [
                "MIT"
            ],
            "description": "Markdown parser and renderer for Hack",
            "keywords": [
                "facebook",
                "gfm",
                "hack",
                "markdown"
            ],
            "time": "2020-11-12T19:54:26+00:00"
        },
        {
            "name": "facebook/hack-codegen",
            "version": "v4.3.12",
            "source": {
                "type": "git",
                "url": "https://github.com/hhvm/hack-codegen.git",
                "reference": "329e87a3deba512e7ee681ab6bb10a2869839460"
            },
            "dist": {
                "type": "zip",
                "url": "https://api.github.com/repos/hhvm/hack-codegen/zipball/329e87a3deba512e7ee681ab6bb10a2869839460",
                "reference": "329e87a3deba512e7ee681ab6bb10a2869839460",
                "shasum": ""
            },
            "require": {
                "hhvm": "^4.25",
                "hhvm/hhvm-autoload": "^2.0|^3.0",
                "hhvm/hsl": "^4.0"
            },
            "require-dev": {
                "facebook/difflib": "^1.0",
                "facebook/fbexpect": "^2.6.1",
                "hhvm/hacktest": "^2.0",
                "hhvm/hhast": "^4.0",
                "hhvm/type-assert": "^3.1|^4.0"
            },
            "bin": [
                "bin/hh-codegen-verify-signatures",
                "bin/hh-codegen-verify-signatures.hack"
            ],
            "type": "library",
            "notification-url": "https://packagist.org/downloads/",
            "authors": [
                {
                    "name": "Fred Emmott",
                    "role": "Developer"
                },
                {
                    "name": "Drew Hoskins",
                    "role": "Developer"
                },
                {
                    "name": "Gaurav Kumar",
                    "role": "Developer"
                },
                {
                    "name": "Alejandro Marcu",
                    "role": "Developer"
                },
                {
                    "name": "Matthieu Martin",
                    "role": "Developer"
                }
            ],
            "description": "Hack Codegen is a library for programatically generating Hack code",
            "keywords": [
                "code generation",
                "hack"
            ],
            "time": "2020-09-21T21:12:16+00:00"
        },
        {
            "name": "facebook/hack-http-request-response-interfaces",
            "version": "v0.3",
            "source": {
                "type": "git",
                "url": "https://github.com/hhvm/hack-http-request-response-interfaces.git",
                "reference": "29f976830af6b2fdb716037ee1fd10bb2e57c6cd"
            },
            "dist": {
                "type": "zip",
                "url": "https://api.github.com/repos/hhvm/hack-http-request-response-interfaces/zipball/29f976830af6b2fdb716037ee1fd10bb2e57c6cd",
                "reference": "29f976830af6b2fdb716037ee1fd10bb2e57c6cd",
                "shasum": ""
            },
            "require": {
                "hhvm/hsl-experimental": "^4.50"
            },
            "require-dev": {
                "hhvm/hhast": "^4.0"
            },
            "type": "library",
            "notification-url": "https://packagist.org/downloads/",
            "description": "Common interface for HTTP messages",
            "homepage": "https://github.com/facebookexperimental/hack-http-request-response-interfaces",
            "time": "2020-03-30T21:06:56+00:00"
        },
        {
            "name": "facebook/hack-router",
            "version": "v0.19.7",
            "source": {
                "type": "git",
                "url": "https://github.com/hhvm/hack-router.git",
                "reference": "98054ee0f283485938b1c739a5f596af7e326b4e"
            },
            "dist": {
                "type": "zip",
                "url": "https://api.github.com/repos/hhvm/hack-router/zipball/98054ee0f283485938b1c739a5f596af7e326b4e",
                "reference": "98054ee0f283485938b1c739a5f596af7e326b4e",
                "shasum": ""
            },
            "require": {
                "facebook/hack-http-request-response-interfaces": "^0.2|^0.3",
                "hhvm": "^4.25",
                "hhvm/hsl": "^4.0"
            },
            "require-dev": {
                "facebook/fbexpect": "^2.0",
                "hhvm/hacktest": "^2.0",
                "hhvm/hhast": "^4.0",
                "hhvm/hhvm-autoload": "^2.0.8|^3.0",
                "usox/hackttp": "^0.3|^0.4|^0.5"
            },
            "type": "library",
            "extra": {
                "branch-alias": {
                    "dev-master": "1.x-dev"
                }
            },
            "notification-url": "https://packagist.org/downloads/",
            "license": [
                "MIT"
            ],
            "description": "URI routing for Hack",
            "homepage": "https://github.com/hhvm/hack-router",
            "keywords": [
                "hack",
                "hhvm",
                "router",
                "routing"
            ],
            "time": "2020-07-29T17:25:41+00:00"
        },
        {
            "name": "facebook/hack-router-codegen",
            "version": "dev-master",
            "source": {
                "type": "git",
                "url": "https://github.com/hhvm/hack-router-codegen.git",
                "reference": "2817f0239c32881188e0ae581121714801adb2e4"
            },
            "dist": {
                "type": "zip",
                "url": "https://api.github.com/repos/hhvm/hack-router-codegen/zipball/2817f0239c32881188e0ae581121714801adb2e4",
                "reference": "2817f0239c32881188e0ae581121714801adb2e4",
                "shasum": ""
            },
            "require": {
                "facebook/definition-finder": "^2.7",
                "facebook/hack-codegen": "^4.1.0",
                "facebook/hack-http-request-response-interfaces": "^0.2|^0.3",
                "facebook/hack-router": "^0.19",
                "hhvm": "^4.25",
                "hhvm/type-assert": "^3.0|^4.0"
            },
            "require-dev": {
                "facebook/fbexpect": "^2.6.1",
                "hhvm/hacktest": "^2.0",
                "hhvm/hhast": "^4.6",
                "hhvm/hhvm-autoload": "^2.0|^3.0",
                "usox/hackttp": "dev-master"
            },
            "type": "library",
            "extra": {
                "branch-alias": {
                    "dev-master": "1.x-dev"
                }
            },
            "autoload": {
                "classmap": [
                    "src/"
                ]
            },
            "notification-url": "https://packagist.org/downloads/",
            "description": "URI routing for Hack with codegen",
            "homepage": "https://github.com/hhvm/hack-router-codegen",
            "keywords": [
                "hack",
                "hhvm",
                "router",
                "routing"
            ],
            "time": "2020-08-18T18:34:01+00:00"
        },
        {
            "name": "facebook/hh-clilib",
            "version": "dev-master",
            "source": {
                "type": "git",
                "url": "https://github.com/hhvm/hh-clilib.git",
                "reference": "17b7ceffa24d9ed5dce4145025e3dea476ff6d88"
            },
            "dist": {
                "type": "zip",
                "url": "https://api.github.com/repos/hhvm/hh-clilib/zipball/17b7ceffa24d9ed5dce4145025e3dea476ff6d88",
                "reference": "17b7ceffa24d9ed5dce4145025e3dea476ff6d88",
                "shasum": ""
            },
            "require": {
                "hhvm": "^4.60",
                "hhvm/hsl": "^4.0",
                "hhvm/hsl-experimental": "^4.58.0rc1",
                "hhvm/hsl-io": "^0.2.0",
                "hhvm/type-assert": "^4.0"
            },
            "require-dev": {
                "facebook/fbexpect": "^2.6.1",
                "hhvm/hacktest": "^2.2.0rc1",
                "hhvm/hhvm-autoload": "^3.1.0"
            },
            "type": "library",
            "extra": {
                "branch-alias": {
                    "dev-master": "2.x-dev"
                }
            },
            "notification-url": "https://packagist.org/downloads/",
            "license": [
                "MIT"
            ],
            "time": "2020-09-21T20:44:02+00:00"
        },
        {
            "name": "facebook/xhp-lib",
            "version": "dev-master",
            "source": {
                "type": "git",
                "url": "https://github.com/hhvm/xhp-lib.git",
                "reference": "315627606308a44326dc6bd827bcafce0d978cd7"
            },
            "dist": {
                "type": "zip",
                "url": "https://api.github.com/repos/hhvm/xhp-lib/zipball/315627606308a44326dc6bd827bcafce0d978cd7",
                "reference": "315627606308a44326dc6bd827bcafce0d978cd7",
                "shasum": ""
            },
            "require": {
                "hhvm": "^4.73",
                "hhvm/type-assert": "^3.0|^4.0"
            },
            "require-dev": {
                "facebook/fbexpect": "^2.0.0",
                "hhvm/hacktest": "^2.0",
                "hhvm/hhast": "^4.0",
                "hhvm/hhvm-autoload": "^2.0|^3.0"
            },
            "type": "library",
            "extra": {
                "branch-alias": {
                    "dev-master": "4.x-dev"
                }
            },
            "notification-url": "https://packagist.org/downloads/",
            "license": [
                "MIT"
            ],
            "description": "Class library for XHP",
            "homepage": "https://github.com/facebook/xhp-lib",
            "keywords": [
                "facebook",
                "hack",
                "hhvm",
                "xhp"
            ],
            "time": "2020-08-31T17:33:47+00:00"
        },
        {
            "name": "hhvm/hacktest",
            "version": "dev-master",
            "source": {
                "type": "git",
                "url": "https://github.com/hhvm/hacktest.git",
                "reference": "73a888b3dcedc3d93c282273df6e965c0f08df70"
            },
            "dist": {
                "type": "zip",
                "url": "https://api.github.com/repos/hhvm/hacktest/zipball/73a888b3dcedc3d93c282273df6e965c0f08df70",
                "reference": "73a888b3dcedc3d93c282273df6e965c0f08df70",
                "shasum": ""
            },
            "require": {
                "facebook/hh-clilib": "^2.5.0rc1",
                "hhvm": "^4.60",
                "hhvm/hhvm-autoload": "^2.0.2|^3.0",
                "hhvm/hsl-experimental": "^4.58.0rc1",
                "hhvm/hsl-io": "^0.2.0",
                "hhvm/type-assert": "^3.0|^4.0"
            },
            "require-dev": {
                "facebook/fbexpect": "^2.3.0",
                "hhvm/hhast": "^4.0"
            },
            "bin": [
                "bin/hacktest",
                "bin/hacktest.hack"
            ],
            "type": "library",
            "extra": {
                "branch-alias": {
                    "dev-master": "2.x-dev",
                    "dev-CI_current_pull_request": "2.x-dev"
                }
            },
            "notification-url": "https://packagist.org/downloads/",
            "license": [
                "MIT"
            ],
            "description": "The Hack Test Library",
            "time": "2020-11-12T20:05:48+00:00"
        },
        {
            "name": "hhvm/hhast",
            "version": "dev-master",
            "source": {
                "type": "git",
                "url": "https://github.com/hhvm/hhast.git",
                "reference": "d12431fae2b37c60adff94fce7407e9ea933007f"
            },
            "dist": {
                "type": "zip",
                "url": "https://api.github.com/repos/hhvm/hhast/zipball/d12431fae2b37c60adff94fce7407e9ea933007f",
                "reference": "d12431fae2b37c60adff94fce7407e9ea933007f",
                "shasum": ""
            },
            "require": {
                "facebook/difflib": "^1.0.0",
                "facebook/hh-clilib": "^2.5.0rc1",
                "hhvm": "^4.80",
                "hhvm/hhvm-autoload": "^2.0.4|^3.0",
                "hhvm/hsl": "^4.25",
                "hhvm/hsl-experimental": "^4.58.0rc1",
                "hhvm/hsl-io": "^0.2.0",
                "hhvm/type-assert": "^3.0|^4.0"
            },
            "require-dev": {
                "facebook/fbexpect": "^2.1.1",
                "facebook/hack-codegen": "^4.0",
                "hhvm/hacktest": "^2.2.0"
            },
            "bin": [
                "bin/hhast-lint",
                "bin/hhast-lint.hack",
                "bin/hhast-migrate",
                "bin/hhast-migrate.hack"
            ],
            "type": "library",
            "extra": {
                "branch-alias": {
                    "dev-master": "4.x-dev"
                }
            },
            "notification-url": "https://packagist.org/downloads/",
            "license": [
                "MIT"
            ],
            "description": "A mutable AST library for Hack with linting and code migrations",
            "time": "2020-11-10T20:14:44+00:00"
        },
        {
            "name": "hhvm/hhvm-autoload",
            "version": "dev-master",
            "source": {
                "type": "git",
                "url": "https://github.com/hhvm/hhvm-autoload.git",
                "reference": "6b65696aec0541b7fd6ad0a17193ac711c8fa2b1"
            },
            "dist": {
                "type": "zip",
                "url": "https://api.github.com/repos/hhvm/hhvm-autoload/zipball/6b65696aec0541b7fd6ad0a17193ac711c8fa2b1",
                "reference": "6b65696aec0541b7fd6ad0a17193ac711c8fa2b1",
                "shasum": ""
            },
            "require": {
                "composer-plugin-api": "^1.0|^2.0",
                "hhvm": "^4.25",
                "hhvm/hsl": "^4.0"
            },
            "replace": {
                "facebook/hhvm-autoload": "1.*"
            },
            "require-dev": {
                "facebook/fbexpect": "^2.1",
                "hhvm/hacktest": "^2.0"
            },
            "bin": [
                "bin/hh-autoload",
                "bin/hh-autoload.hack"
            ],
            "type": "composer-plugin",
            "extra": {
                "class": [
                    "Facebook\\AutoloadMap\\ComposerPlugin"
                ],
                "branch-alias": {
                    "dev-master": "3.x-dev",
                    "dev-CI_current_pull_request": "3.x-dev"
                }
            },
            "autoload": {
                "classmap": [
                    "ComposerPlugin.php"
                ]
            },
            "notification-url": "https://packagist.org/downloads/",
            "time": "2020-11-10T21:43:26+00:00"
        },
        {
            "name": "hhvm/hsl",
            "version": "dev-master",
            "source": {
                "type": "git",
                "url": "https://github.com/hhvm/hsl.git",
                "reference": "f8ad8a43fd85cd99f16af03a49032eb54c6c3866"
            },
            "dist": {
                "type": "zip",
                "url": "https://api.github.com/repos/hhvm/hsl/zipball/f8ad8a43fd85cd99f16af03a49032eb54c6c3866",
                "reference": "f8ad8a43fd85cd99f16af03a49032eb54c6c3866",
                "shasum": ""
            },
            "require": {
                "hhvm": "^4.79"
            },
            "require-dev": {
                "facebook/fbexpect": "^2.5.1",
                "hhvm/hacktest": "^1.0|^2.0",
                "hhvm/hhvm-autoload": "^2.0|^3.0",
                "hhvm/hsl-experimental": "^4.37|dev-master"
            },
            "type": "library",
            "extra": {
                "branch-alias": {
                    "dev-master": "4.x-dev"
                }
            },
            "notification-url": "https://packagist.org/downloads/",
            "license": [
                "MIT"
            ],
            "description": "The Hack Standard Library",
            "time": "2020-11-10T20:44:35+00:00"
        },
        {
            "name": "hhvm/hsl-experimental",
            "version": "dev-master",
            "source": {
                "type": "git",
                "url": "https://github.com/hhvm/hsl-experimental.git",
                "reference": "426e1bca647e9de83ef12e49a6c1f81a58191c59"
            },
            "dist": {
                "type": "zip",
                "url": "https://api.github.com/repos/hhvm/hsl-experimental/zipball/426e1bca647e9de83ef12e49a6c1f81a58191c59",
                "reference": "426e1bca647e9de83ef12e49a6c1f81a58191c59",
                "shasum": ""
            },
            "require": {
                "hhvm": "^4.76",
                "hhvm/hsl": "^4.15"
            },
            "provide": {
                "hhvm/hsl-io": "0.2.1"
            },
            "require-dev": {
                "facebook/fbexpect": "^2.7.0",
                "hhvm/hacktest": "^2.0",
                "hhvm/hhvm-autoload": "^2.0|^3.0"
            },
            "type": "library",
            "extra": {
                "branch-alias": {
                    "dev-master": "4.x-dev"
                }
            },
            "notification-url": "https://packagist.org/downloads/",
            "license": [
                "MIT"
            ],
            "description": "The Hack Standard Library - Experimental Additions",
            "time": "2020-10-22T22:02:55+00:00"
        },
        {
            "name": "hhvm/type-assert",
            "version": "dev-master",
            "source": {
                "type": "git",
                "url": "https://github.com/hhvm/type-assert.git",
                "reference": "0983260af4dc918b33ca154757b537daa38c88a0"
            },
            "dist": {
                "type": "zip",
                "url": "https://api.github.com/repos/hhvm/type-assert/zipball/0983260af4dc918b33ca154757b537daa38c88a0",
                "reference": "0983260af4dc918b33ca154757b537daa38c88a0",
                "shasum": ""
            },
            "require": {
                "hhvm": "^4.64",
                "hhvm/hsl": "^4.0"
            },
            "require-dev": {
                "facebook/fbexpect": "^2.0.0",
                "hhvm/hacktest": "^2.0",
                "hhvm/hhast": "^4.0",
                "hhvm/hhvm-autoload": "^2.0|^3.0"
            },
            "type": "library",
            "extra": {
                "branch-alias": {
                    "dev-master": "4.x-dev"
                }
            },
            "notification-url": "https://packagist.org/downloads/",
            "license": [
                "MIT"
            ],
            "description": "Convert untyped data to typed data",
            "keywords": [
                "TypeAssert",
                "hack"
            ],
            "time": "2020-08-17T19:26:29+00:00"
        },
        {
            "name": "nuxed/console",
            "version": "dev-develop",
            "source": {
                "type": "git",
                "url": "https://github.com/nuxed/console.git",
                "reference": "994bd0ba77af1e9e3e7e32e9ebdfcd80517f00ef"
            },
            "dist": {
                "type": "zip",
                "url": "https://api.github.com/repos/nuxed/console/zipball/994bd0ba77af1e9e3e7e32e9ebdfcd80517f00ef",
                "reference": "994bd0ba77af1e9e3e7e32e9ebdfcd80517f00ef",
                "shasum": ""
            },
            "require": {
                "hhvm": "^4.56",
                "hhvm/hsl": "^4.40",
                "hhvm/hsl-experimental": "^4.37",
                "nuxed/contract": "^1.0",
                "nuxed/environment": "^1.2"
            },
            "require-dev": {
                "facebook/fbexpect": "^2.7",
                "hhvm/hacktest": "^2.0",
                "hhvm/hhast": "^4.25"
            },
            "type": "library",
            "notification-url": "https://packagist.org/downloads/",
            "license": [
                "MIT"
            ],
            "authors": [
                {
                    "name": "azjezz",
                    "email": "azjezz@protonmail.com"
                },
                {
                    "name": "Nuxed Community",
                    "homepage": "https://github.com/nuxed/console/graphs/contributors"
                }
            ],
            "description": "Nuxed Console",
            "time": "2020-05-27T07:54:15+00:00"
        },
        {
            "name": "nuxed/contract",
            "version": "v1.1.1",
            "source": {
                "type": "git",
                "url": "https://github.com/nuxed/contract.git",
                "reference": "360148de5529baa3848c38b2ca56da83e9259b41"
            },
            "dist": {
                "type": "zip",
                "url": "https://api.github.com/repos/nuxed/contract/zipball/360148de5529baa3848c38b2ca56da83e9259b41",
                "reference": "360148de5529baa3848c38b2ca56da83e9259b41",
                "shasum": ""
            },
            "require": {
                "hhvm": "^4.56",
                "hhvm/hsl": "^4.41",
                "hhvm/hsl-experimental": "^4.52"
            },
            "require-dev": {
                "hhvm/hhast": "^4.50"
            },
            "type": "library",
            "notification-url": "https://packagist.org/downloads/",
            "license": [
                "MIT"
            ],
            "authors": [
                {
                    "name": "azjezz",
                    "email": "azjezz@protonmail.com"
                },
                {
                    "name": "Nuxed Community",
                    "homepage": "https://github.com/nuxed/contract/graphs/contributors"
                }
            ],
            "description": "Nuxed Contract",
            "time": "2020-05-09T11:51:52+00:00"
        },
        {
            "name": "nuxed/crypto",
            "version": "v1.2.0",
            "source": {
                "type": "git",
                "url": "https://github.com/nuxed/crypto.git",
                "reference": "135008dd93a9a6e5aa8289ae5721357d720c218a"
            },
            "dist": {
                "type": "zip",
                "url": "https://api.github.com/repos/nuxed/crypto/zipball/135008dd93a9a6e5aa8289ae5721357d720c218a",
                "reference": "135008dd93a9a6e5aa8289ae5721357d720c218a",
                "shasum": ""
            },
            "require": {
                "hhvm": "^4.56",
                "hhvm/hsl": "^4.40"
            },
            "require-dev": {
                "facebook/fbexpect": "^2.7",
                "hhvm/hacktest": "^2.0",
                "hhvm/hhast": "^4.25",
                "hhvm/hsl-experimental": "^4.50"
            },
            "type": "library",
            "notification-url": "https://packagist.org/downloads/",
            "license": [
                "MIT"
            ],
            "authors": [
                {
                    "name": "azjezz",
                    "email": "azjezz@protonmail.com"
                },
                {
                    "name": "Nuxed Community",
                    "homepage": "https://github.com/nuxed/crypto/graphs/contributors"
                }
            ],
            "description": "Nuxed Crypto",
            "time": "2020-05-09T10:50:54+00:00"
        },
        {
            "name": "nuxed/environment",
            "version": "v1.3.0",
            "source": {
                "type": "git",
                "url": "https://github.com/nuxed/environment.git",
                "reference": "7bd5fb274c2c4acda155b30a77d759a88d2ae57b"
            },
            "dist": {
                "type": "zip",
                "url": "https://api.github.com/repos/nuxed/environment/zipball/7bd5fb274c2c4acda155b30a77d759a88d2ae57b",
                "reference": "7bd5fb274c2c4acda155b30a77d759a88d2ae57b",
                "shasum": ""
            },
            "require": {
                "hhvm": "^4.25",
                "hhvm/hsl": "^4.25",
                "nuxed/filesystem": "^1.2"
            },
            "require-dev": {
                "facebook/fbexpect": "^2.7",
                "hhvm/hacktest": "^2.0",
                "hhvm/hhast": "^4.25"
            },
            "type": "library",
            "notification-url": "https://packagist.org/downloads/",
            "license": [
                "MIT"
            ],
            "authors": [
                {
                    "name": "azjezz",
                    "email": "azjezz@protonmail.com"
                },
                {
                    "name": "Nuxed Community",
                    "homepage": "https://github.com/nuxed/environment/graphs/contributors"
                }
            ],
            "description": "Nuxed Environment",
            "time": "2020-04-23T17:08:28+00:00"
        },
        {
            "name": "nuxed/event-dispatcher",
            "version": "v1.1.0",
            "source": {
                "type": "git",
                "url": "https://github.com/nuxed/event-dispatcher.git",
                "reference": "56ad5450b96dd4d4175077bb12bdffc133325899"
            },
            "dist": {
                "type": "zip",
                "url": "https://api.github.com/repos/nuxed/event-dispatcher/zipball/56ad5450b96dd4d4175077bb12bdffc133325899",
                "reference": "56ad5450b96dd4d4175077bb12bdffc133325899",
                "shasum": ""
            },
            "require": {
                "hhvm": "^4.56",
                "hhvm/hsl": "^4.40",
                "nuxed/contract": "^1.1"
            },
            "require-dev": {
                "facebook/fbexpect": "^2.7",
                "hhvm/hacktest": "^1.6|^2.0",
                "hhvm/hhast": "^4.25"
            },
            "type": "library",
            "notification-url": "https://packagist.org/downloads/",
            "license": [
                "MIT"
            ],
            "authors": [
                {
                    "name": "azjezz",
                    "email": "azjezz@protonmail.com"
                },
                {
                    "name": "Nuxed Community",
                    "homepage": "https://github.com/nuxed/event-dispatcher/graphs/contributors"
                }
            ],
            "description": "Nuxed Event Dispatcher",
            "time": "2020-05-09T12:18:58+00:00"
        },
        {
            "name": "nuxed/filesystem",
            "version": "v1.4.0",
            "source": {
                "type": "git",
                "url": "https://github.com/nuxed/filesystem.git",
                "reference": "fc746d0c0664f9af3fb5ccf2b7f43426323f1d4e"
            },
            "dist": {
                "type": "zip",
                "url": "https://api.github.com/repos/nuxed/filesystem/zipball/fc746d0c0664f9af3fb5ccf2b7f43426323f1d4e",
                "reference": "fc746d0c0664f9af3fb5ccf2b7f43426323f1d4e",
                "shasum": ""
            },
            "require": {
                "hhvm": "^4.56",
                "hhvm/hsl": "^4.40",
                "hhvm/hsl-experimental": "^4.40"
            },
            "require-dev": {
                "facebook/fbexpect": "^2.7",
                "hhvm/hacktest": "^2.0",
                "hhvm/hhast": "^4.25",
                "nuxed/crypto": "^1.0"
            },
            "type": "library",
            "notification-url": "https://packagist.org/downloads/",
            "license": [
                "MIT"
            ],
            "authors": [
                {
                    "name": "azjezz",
                    "email": "azjezz@protonmail.com"
                },
                {
                    "name": "Nuxed Community",
                    "homepage": "https://github.com/nuxed/filesystem/graphs/contributors"
                }
            ],
            "description": "Nuxed Filesystem",
            "time": "2020-05-09T10:40:32+00:00"
        },
        {
            "name": "nuxed/http-emitter",
            "version": "v1.0.0",
            "source": {
                "type": "git",
                "url": "https://github.com/nuxed/http-emitter.git",
                "reference": "f4acd9baf59c7a45bd799b4d180272a436a32cca"
            },
            "dist": {
                "type": "zip",
                "url": "https://api.github.com/repos/nuxed/http-emitter/zipball/f4acd9baf59c7a45bd799b4d180272a436a32cca",
                "reference": "f4acd9baf59c7a45bd799b4d180272a436a32cca",
                "shasum": ""
            },
            "require": {
                "hhvm": "^4.56",
                "hhvm/hsl": "^4.40",
                "hhvm/hsl-experimental": "^4.50",
                "nuxed/contract": "^1.0"
            },
            "require-dev": {
                "facebook/fbexpect": "^2.7",
                "hhvm/hacktest": "^2.0",
                "hhvm/hhast": "^4.25",
                "nuxed/http-message": "^1.0"
            },
            "type": "library",
            "notification-url": "https://packagist.org/downloads/",
            "license": [
                "MIT"
            ],
            "authors": [
                {
                    "name": "azjezz",
                    "email": "azjezz@protonmail.com"
                },
                {
                    "name": "Nuxed Community",
                    "homepage": "https://github.com/nuxed/http-emitter/graphs/contributors"
                }
            ],
            "description": "Nuxed Http Emitter",
            "time": "2020-05-09T16:21:20+00:00"
        },
        {
            "name": "nuxed/inflector",
            "version": "v1.0.0",
            "source": {
                "type": "git",
                "url": "https://github.com/nuxed/inflector.git",
                "reference": "c5138fd13b7709fe18c01679b57e05beaddf8585"
            },
            "dist": {
                "type": "zip",
                "url": "https://api.github.com/repos/nuxed/inflector/zipball/c5138fd13b7709fe18c01679b57e05beaddf8585",
                "reference": "c5138fd13b7709fe18c01679b57e05beaddf8585",
                "shasum": ""
            },
            "require": {
                "hhvm": "^4.25",
                "hhvm/hsl": "^4.25"
            },
            "require-dev": {
                "facebook/fbexpect": "^2.7",
                "hhvm/hacktest": "^2.0",
                "hhvm/hhast": "^4.25"
            },
            "type": "library",
            "notification-url": "https://packagist.org/downloads/",
            "license": [
                "MIT"
            ],
            "authors": [
                {
                    "name": "azjezz",
                    "email": "azjezz@protonmail.com"
                },
                {
                    "name": "Nuxed Community",
                    "homepage": "https://github.com/nuxed/inflector/graphs/contributors"
                }
            ],
            "description": "Nuxed Inflector",
            "time": "2019-11-20T03:37:59+00:00"
        },
        {
            "name": "nuxed/uuid",
            "version": "v1.0.0",
            "source": {
                "type": "git",
                "url": "https://github.com/nuxed/uuid.git",
                "reference": "3bad24c8db7f4c909223652940b7e3a707ac36bc"
            },
            "dist": {
                "type": "zip",
                "url": "https://api.github.com/repos/nuxed/uuid/zipball/3bad24c8db7f4c909223652940b7e3a707ac36bc",
                "reference": "3bad24c8db7f4c909223652940b7e3a707ac36bc",
                "shasum": ""
            },
            "require": {
                "hhvm": "^4.25",
                "hhvm/hsl": "^4.25",
                "nuxed/crypto": "^1.0"
            },
            "require-dev": {
                "facebook/fbexpect": "^2.7",
                "hhvm/hacktest": "^2.0",
                "hhvm/hhast": "^4.25"
            },
            "type": "library",
            "notification-url": "https://packagist.org/downloads/",
            "license": [
                "MIT"
            ],
            "authors": [
                {
                    "name": "azjezz",
                    "email": "azjezz@protonmail.com"
                },
                {
                    "name": "Nuxed Community",
                    "homepage": "https://github.com/nuxed/uuid/graphs/contributors"
                }
            ],
            "description": "Nuxed Uuid",
            "time": "2019-12-02T05:16:23+00:00"
        },
        {
            "name": "quizlet/fb_intercept_polyfill",
            "version": "v2.0.x-dev",
            "source": {
                "type": "git",
                "url": "https://github.com/quizlet/fb_intercept_polyfill.git",
                "reference": "b246d64c3a2a1bfa438230da4ab41d690dcfa4c5"
            },
            "dist": {
                "type": "zip",
                "url": "https://api.github.com/repos/quizlet/fb_intercept_polyfill/zipball/b246d64c3a2a1bfa438230da4ab41d690dcfa4c5",
                "reference": "b246d64c3a2a1bfa438230da4ab41d690dcfa4c5",
                "shasum": ""
            },
            "require": {
                "hhvm": ">=4.26",
                "hhvm/hhvm-autoload": "^1|^2|^3",
                "hhvm/hsl": ">=4.7 <5"
            },
            "require-dev": {
                "facebook/fbexpect": "^1|^2",
                "hhvm/hacktest": "^1|^2"
            },
            "type": "library",
            "notification-url": "https://packagist.org/downloads/",
            "description": "A polyfill for using fb_intercept across hhvm 3.24 -> 4.present",
            "time": "2020-08-18T00:02:44+00:00"
        },
        {
            "name": "quizlet/hammock",
            "version": "dev-master",
            "source": {
                "type": "git",
                "url": "https://github.com/quizlet/hammock.git",
                "reference": "71c9492099dbb0183b13bed12f5fbebfbeacf0fc"
            },
            "dist": {
                "type": "zip",
                "url": "https://api.github.com/repos/quizlet/hammock/zipball/71c9492099dbb0183b13bed12f5fbebfbeacf0fc",
                "reference": "71c9492099dbb0183b13bed12f5fbebfbeacf0fc",
                "shasum": ""
            },
            "require": {
                "hhvm": ">=3.24",
                "hhvm/hhvm-autoload": "^1|^2|^3",
                "hhvm/hsl": ">=1.4 <5",
                "quizlet/fb_intercept_polyfill": "^1|^2"
            },
            "type": "library",
            "notification-url": "https://packagist.org/downloads/",
            "license": [
                "MIT"
            ],
            "authors": [
                {
                    "name": "Riya Dashoriya",
                    "email": "riya.dashoriya@quizlet.com"
                },
                {
                    "name": "Tyron Jung",
                    "email": "tyron.jung@quizlet.com"
                }
            ],
            "description": "Hammock is a stand-alone mocking library for Hacklang.",
            "homepage": "https://github.com/quizlet/hammock",
            "keywords": [
                "hack",
                "hacklang",
                "hammock",
                "library",
                "mock",
                "mocking",
                "php",
                "test",
                "testing"
            ],
            "time": "2020-09-10T09:25:00+00:00"
        },
        {
            "name": "usox/hack-http-factory-interfaces",
            "version": "v0.2.2",
            "source": {
                "type": "git",
                "url": "https://github.com/usox/hack-http-factory-interfaces.git",
                "reference": "412fdeb8d85c83bef558223bf5ed25e5e7e37692"
            },
            "dist": {
                "type": "zip",
                "url": "https://api.github.com/repos/usox/hack-http-factory-interfaces/zipball/412fdeb8d85c83bef558223bf5ed25e5e7e37692",
                "reference": "412fdeb8d85c83bef558223bf5ed25e5e7e37692",
                "shasum": ""
            },
            "require": {
                "facebook/hack-http-request-response-interfaces": "^0.2|^0.3",
                "hhvm": "^4.0"
            },
            "type": "library",
            "autoload": {
                "psr-4": {
                    "Usox\\HackHttpFactory\\": "src/"
                }
            },
            "notification-url": "https://packagist.org/downloads/",
            "license": [
                "MIT"
            ],
            "authors": [
                {
                    "name": "Daniel Jakob",
                    "email": "dev@usox.org"
                }
            ],
            "description": "PSR-17 like http factory interfaces",
            "homepage": "https://github.com/usox/hack-http-factory-interfaces",
            "keywords": [
                "factory",
                "hack",
                "hhvm",
                "http"
            ],
            "time": "2020-04-08T16:17:10+00:00"
        },
        {
            "name": "usox/hackttp",
            "version": "dev-master",
            "source": {
                "type": "git",
                "url": "https://github.com/usox/hackttp.git",
                "reference": "a4bbea9d3f6207799900c5119d6a8360d79da77e"
            },
            "dist": {
                "type": "zip",
                "url": "https://api.github.com/repos/usox/hackttp/zipball/a4bbea9d3f6207799900c5119d6a8360d79da77e",
                "reference": "a4bbea9d3f6207799900c5119d6a8360d79da77e",
                "shasum": ""
            },
            "require": {
                "facebook/hack-http-request-response-interfaces": "^0.3",
                "hhvm": "^4.58",
                "hhvm/hsl": "^4.25",
                "hhvm/hsl-experimental": "^4.58",
                "hhvm/hsl-io": "^0.2.1",
                "hhvm/type-assert": "^3.3|^4.0",
                "usox/hack-http-factory-interfaces": "^0.2"
            },
            "require-dev": {
                "hhvm/hacktest": "^1.4|^2.0",
                "hhvm/hhast": "^4.1",
                "usox/hackmock": "^1.3"
            },
            "type": "library",
            "autoload": {
                "psr-4": {
                    "Usox\\HackTTP\\": "src/"
                }
            },
            "notification-url": "https://packagist.org/downloads/",
            "license": [
                "MIT"
            ],
            "authors": [
                {
                    "name": "Daniel Jakob",
                    "email": "dev@usox.org",
                    "role": "Developer"
                }
            ],
            "description": "Work in progress demo implementation of facebookexperimental/hack-http-request-response-interfaces",
            "homepage": "https://github.com/usox/hackttp",
            "keywords": [
                "hack",
                "hacklang",
                "hhvm",
                "http",
                "message",
                "request",
                "response",
                "stream"
            ],
            "time": "2020-08-18T04:09:25+00:00"
        }
    ],
    "packages-dev": [],
    "aliases": [],
    "minimum-stability": "dev",
    "stability-flags": [],
    "prefer-stable": false,
    "prefer-lowest": false,
    "platform": {
        "hhvm": "^4.80"
    },
    "platform-dev": []
}
