{
    "_readme": [
        "This file locks the dependencies of your project to a known state",
        "Read more about it at https://getcomposer.org/doc/01-basic-usage.md#installing-dependencies",
        "This file is @generated automatically"
    ],
    "content-hash": "d9dfaccad4a66c428db57c4906a0cd26",
    "packages": [
        {
            "name": "facebook/definition-finder",
            "version": "dev-master",
            "source": {
                "type": "git",
                "url": "https://github.com/hhvm/definition-finder.git",
                "reference": "b97f7694f6603294ec29ba5b619d7c95ba2d3c12"
            },
            "dist": {
                "type": "zip",
                "url": "https://api.github.com/repos/hhvm/definition-finder/zipball/b97f7694f6603294ec29ba5b619d7c95ba2d3c12",
                "reference": "b97f7694f6603294ec29ba5b619d7c95ba2d3c12",
                "shasum": ""
            },
            "require": {
                "hhvm": "^4.78",
                "hhvm/hhast": "^4.21.4",
                "hhvm/hhvm-autoload": "^2.0|^3.0",
                "hhvm/hsl": "^4.0",
                "hhvm/type-assert": "^3.2|^4.0"
            },
            "require-dev": {
                "facebook/fbexpect": "^2.6.1",
                "hhvm/hacktest": "^2.0"
            },
            "default-branch": true,
            "type": "library",
            "extra": {
                "branch-alias": {
                    "dev-master": "2.x-dev"
                }
            },
            "notification-url": "https://packagist.org/downloads/",
            "license": [
                "MIT"
            ],
            "description": "Find definitions in PHP or Hack files. Useful for autoloaders.",
            "homepage": "https://github.com/hhvm/definitions-finder",
            "keywords": [
                "autoload",
                "definitions",
                "hack",
                "hhvm"
            ],
            "support": {
                "issues": "https://github.com/hhvm/definition-finder/issues",
                "source": "https://github.com/hhvm/definition-finder/tree/master"
            },
            "time": "2021-04-20T20:29:44+00:00"
        },
        {
            "name": "facebook/difflib",
            "version": "dev-master",
            "source": {
                "type": "git",
                "url": "https://github.com/hhvm/difflib.git",
                "reference": "50c0d7a25ef29c7498e2631a47208011c814fbc6"
            },
            "dist": {
                "type": "zip",
                "url": "https://api.github.com/repos/hhvm/difflib/zipball/50c0d7a25ef29c7498e2631a47208011c814fbc6",
                "reference": "50c0d7a25ef29c7498e2631a47208011c814fbc6",
                "shasum": ""
            },
            "require": {
                "hhvm": "^4.56",
                "hhvm/hsl": "^4.0"
            },
            "require-dev": {
                "facebook/fbexpect": "^2.1.2",
                "hhvm/hacktest": "^2.0",
                "hhvm/hhast": "^4.0",
                "hhvm/hhvm-autoload": "^2.0|^3.0"
            },
            "default-branch": true,
            "type": "library",
            "extra": {
                "branch-alias": {
                    "dev-master": "1.x-dev",
                    "dev-CI_current_pull_request": "1.x-dev"
                }
            },
            "notification-url": "https://packagist.org/downloads/",
            "license": [
                "MIT"
            ],
            "support": {
                "issues": "https://github.com/hhvm/difflib/issues",
                "source": "https://github.com/hhvm/difflib/tree/master"
            },
            "time": "2021-04-12T18:32:20+00:00"
        },
        {
            "name": "facebook/fbexpect",
            "version": "dev-master",
            "source": {
                "type": "git",
                "url": "https://github.com/hhvm/fbexpect.git",
                "reference": "ed27c0871c02d4fb846a060294c644692368b672"
            },
            "dist": {
                "type": "zip",
                "url": "https://api.github.com/repos/hhvm/fbexpect/zipball/ed27c0871c02d4fb846a060294c644692368b672",
                "reference": "ed27c0871c02d4fb846a060294c644692368b672",
                "shasum": ""
            },
            "require": {
                "facebook/difflib": "^1.0.0",
                "hhvm": "^4.56",
                "hhvm/hacktest": "^1.0|^2.0",
                "hhvm/hsl": "^4.0"
            },
            "require-dev": {
                "hhvm/hhast": "^4.0",
                "hhvm/hhvm-autoload": "^2.0|^3.0"
            },
            "default-branch": true,
            "type": "library",
            "notification-url": "https://packagist.org/downloads/",
            "license": [
                "MIT"
            ],
            "description": "Unit test helpers for Facebook projects",
            "support": {
                "issues": "https://github.com/hhvm/fbexpect/issues",
                "source": "https://github.com/hhvm/fbexpect/tree/master"
            },
            "time": "2021-03-15T22:04:28+00:00"
        },
        {
            "name": "facebook/fbmarkdown",
            "version": "dev-master",
            "source": {
                "type": "git",
                "url": "https://github.com/hhvm/fbmarkdown.git",
                "reference": "675f8b648db7e40aab5f8b61d1ceaed1f9262e3b"
            },
            "dist": {
                "type": "zip",
                "url": "https://api.github.com/repos/hhvm/fbmarkdown/zipball/675f8b648db7e40aab5f8b61d1ceaed1f9262e3b",
                "reference": "675f8b648db7e40aab5f8b61d1ceaed1f9262e3b",
                "shasum": ""
            },
            "require": {
                "hhvm": "^4.56",
                "hhvm/hsl": "^4.0",
                "hhvm/type-assert": "^3.1|^4.0"
            },
            "require-dev": {
                "facebook/fbexpect": "^2.1.0",
                "hhvm/hacktest": "^2.0",
                "hhvm/hhast": "^4.0",
                "hhvm/hhvm-autoload": "^2.0|^3.0"
            },
            "default-branch": true,
            "type": "library",
            "extra": {
                "branch-alias": {
                    "dev-master": "1.x-dev"
                }
            },
            "notification-url": "https://packagist.org/downloads/",
            "license": [
                "MIT"
            ],
            "description": "Markdown parser and renderer for Hack",
            "keywords": [
                "facebook",
                "gfm",
                "hack",
                "markdown"
            ],
            "support": {
                "issues": "https://github.com/hhvm/fbmarkdown/issues",
                "source": "https://github.com/hhvm/fbmarkdown/tree/master"
            },
            "time": "2021-02-12T23:28:23+00:00"
        },
        {
            "name": "facebook/hack-codegen",
            "version": "v4.4.0",
            "source": {
                "type": "git",
                "url": "https://github.com/hhvm/hack-codegen.git",
                "reference": "6d206958eef6c5870536d4adc7ba8478c01f2edf"
            },
            "dist": {
                "type": "zip",
                "url": "https://api.github.com/repos/hhvm/hack-codegen/zipball/6d206958eef6c5870536d4adc7ba8478c01f2edf",
                "reference": "6d206958eef6c5870536d4adc7ba8478c01f2edf",
                "shasum": ""
            },
            "require": {
                "hhvm": "^4.80",
                "hhvm/hhvm-autoload": "^2.0|^3.0",
                "hhvm/hsl": "^4.0"
            },
            "require-dev": {
                "facebook/difflib": "^1.0",
                "facebook/fbexpect": "^2.6.1",
                "hhvm/hacktest": "^2.0",
                "hhvm/hhast": "^4.80",
                "hhvm/hsl-experimental": "^4.53",
                "hhvm/type-assert": "^3.1|^4.0"
            },
            "bin": [
                "bin/hh-codegen-verify-signatures",
                "bin/hh-codegen-verify-signatures.hack"
            ],
            "type": "library",
            "notification-url": "https://packagist.org/downloads/",
            "authors": [
                {
                    "name": "Fred Emmott",
                    "role": "Developer"
                },
                {
                    "name": "Drew Hoskins",
                    "role": "Developer"
                },
                {
                    "name": "Gaurav Kumar",
                    "role": "Developer"
                },
                {
                    "name": "Alejandro Marcu",
                    "role": "Developer"
                },
                {
                    "name": "Matthieu Martin",
                    "role": "Developer"
                }
            ],
            "description": "Hack Codegen is a library for programmatically generating Hack code",
            "keywords": [
                "code generation",
                "hack"
            ],
            "support": {
                "issues": "https://github.com/hhvm/hack-codegen/issues",
                "source": "https://github.com/hhvm/hack-codegen/tree/v4.4.0"
            },
            "time": "2021-03-31T16:03:48+00:00"
        },
        {
            "name": "facebook/hack-http-request-response-interfaces",
            "version": "v0.3",
            "source": {
                "type": "git",
                "url": "https://github.com/hhvm/hack-http-request-response-interfaces.git",
                "reference": "29f976830af6b2fdb716037ee1fd10bb2e57c6cd"
            },
            "dist": {
                "type": "zip",
                "url": "https://api.github.com/repos/hhvm/hack-http-request-response-interfaces/zipball/29f976830af6b2fdb716037ee1fd10bb2e57c6cd",
                "reference": "29f976830af6b2fdb716037ee1fd10bb2e57c6cd",
                "shasum": ""
            },
            "require": {
                "hhvm/hsl-experimental": "^4.50"
            },
            "require-dev": {
                "hhvm/hhast": "^4.0"
            },
            "type": "library",
            "notification-url": "https://packagist.org/downloads/",
            "description": "Common interface for HTTP messages",
            "homepage": "https://github.com/facebookexperimental/hack-http-request-response-interfaces",
            "support": {
                "issues": "https://github.com/hhvm/hack-http-request-response-interfaces/issues",
                "source": "https://github.com/hhvm/hack-http-request-response-interfaces/tree/master"
            },
            "time": "2020-03-30T21:06:56+00:00"
        },
        {
            "name": "facebook/hack-router",
            "version": "v0.19.8",
            "source": {
                "type": "git",
                "url": "https://github.com/hhvm/hack-router.git",
                "reference": "98705ea6149d9d333b91d2be0080a2bdfb4bcdb1"
            },
            "dist": {
                "type": "zip",
                "url": "https://api.github.com/repos/hhvm/hack-router/zipball/98705ea6149d9d333b91d2be0080a2bdfb4bcdb1",
                "reference": "98705ea6149d9d333b91d2be0080a2bdfb4bcdb1",
                "shasum": ""
            },
            "require": {
                "facebook/hack-http-request-response-interfaces": "^0.2|^0.3",
                "hhvm": "^4.25",
                "hhvm/hsl": "^4.0"
            },
            "require-dev": {
                "facebook/fbexpect": "^2.0",
                "hhvm/hacktest": "^2.0",
                "hhvm/hhast": "^4.0",
                "hhvm/hhvm-autoload": "^2.0.8|^3.0",
                "usox/hackttp": "dev-master"
            },
            "type": "library",
            "extra": {
                "branch-alias": {
                    "dev-master": "1.x-dev"
                }
            },
            "notification-url": "https://packagist.org/downloads/",
            "license": [
                "MIT"
            ],
            "description": "URI routing for Hack",
            "homepage": "https://github.com/hhvm/hack-router",
            "keywords": [
                "hack",
                "hhvm",
                "router",
                "routing"
            ],
            "support": {
                "issues": "https://github.com/hhvm/hack-router/issues",
                "source": "https://github.com/hhvm/hack-router/tree/v0.19.8"
            },
            "time": "2020-12-18T22:55:23+00:00"
        },
        {
            "name": "facebook/hack-router-codegen",
            "version": "dev-master",
            "source": {
                "type": "git",
                "url": "https://github.com/hhvm/hack-router-codegen.git",
                "reference": "63498e032259946c9f35dcb1338a44cbd0c3a1a9"
            },
            "dist": {
                "type": "zip",
                "url": "https://api.github.com/repos/hhvm/hack-router-codegen/zipball/63498e032259946c9f35dcb1338a44cbd0c3a1a9",
                "reference": "63498e032259946c9f35dcb1338a44cbd0c3a1a9",
                "shasum": ""
            },
            "require": {
                "facebook/definition-finder": "^2.7",
                "facebook/hack-codegen": "^4.1.0",
                "facebook/hack-http-request-response-interfaces": "^0.2|^0.3",
                "facebook/hack-router": "^0.19",
                "hhvm": "^4.25",
                "hhvm/type-assert": "^3.0|^4.0"
            },
            "require-dev": {
                "facebook/fbexpect": "^2.6.1",
                "hhvm/hacktest": "^2.0",
                "hhvm/hhast": "^4.6",
                "hhvm/hhvm-autoload": "^2.0|^3.0",
                "usox/hackttp": "^0.5"
            },
            "default-branch": true,
            "type": "library",
            "extra": {
                "branch-alias": {
                    "dev-master": "1.x-dev"
                }
            },
            "autoload": {
                "classmap": [
                    "src/"
                ]
            },
            "notification-url": "https://packagist.org/downloads/",
            "description": "URI routing for Hack with codegen",
            "homepage": "https://github.com/hhvm/hack-router-codegen",
            "keywords": [
                "hack",
                "hhvm",
                "router",
                "routing"
            ],
            "support": {
                "issues": "https://github.com/hhvm/hack-router-codegen/issues",
                "source": "https://github.com/hhvm/hack-router-codegen/tree/master"
            },
            "time": "2021-03-16T15:09:47+00:00"
        },
        {
            "name": "facebook/hh-clilib",
            "version": "dev-master",
            "source": {
                "type": "git",
                "url": "https://github.com/hhvm/hh-clilib.git",
                "reference": "96e8ad96588bb9d8a69468d728a76fda4784ff13"
            },
            "dist": {
                "type": "zip",
                "url": "https://api.github.com/repos/hhvm/hh-clilib/zipball/96e8ad96588bb9d8a69468d728a76fda4784ff13",
                "reference": "96e8ad96588bb9d8a69468d728a76fda4784ff13",
                "shasum": ""
            },
            "require": {
                "hhvm": "^4.88",
                "hhvm/hsl": "^4.0",
                "hhvm/hsl-experimental": "^4.58.0rc1",
                "hhvm/hsl-io": "^0.3.0",
                "hhvm/type-assert": "^4.0"
            },
            "require-dev": {
                "facebook/fbexpect": "^2.6.1",
                "hhvm/hacktest": "^2.2.0rc1",
                "hhvm/hhast": "^4.88.1",
                "hhvm/hhvm-autoload": "^3.1.0"
            },
            "default-branch": true,
            "type": "library",
            "extra": {
                "branch-alias": {
                    "dev-master": "2.x-dev"
                }
            },
            "notification-url": "https://packagist.org/downloads/",
            "license": [
                "MIT"
            ],
            "support": {
                "issues": "https://github.com/hhvm/hh-clilib/issues",
                "source": "https://github.com/hhvm/hh-clilib/tree/master"
            },
            "time": "2021-03-16T19:30:52+00:00"
        },
        {
            "name": "facebook/xhp-lib",
            "version": "dev-master",
            "source": {
                "type": "git",
                "url": "https://github.com/hhvm/xhp-lib.git",
                "reference": "33abdf6d80ba04cf8c96725a48a9b17a4e78d4c7"
            },
            "dist": {
                "type": "zip",
                "url": "https://api.github.com/repos/hhvm/xhp-lib/zipball/33abdf6d80ba04cf8c96725a48a9b17a4e78d4c7",
                "reference": "33abdf6d80ba04cf8c96725a48a9b17a4e78d4c7",
                "shasum": ""
            },
            "require": {
                "hhvm": "^4.73",
                "hhvm/hsl": "^4.36.0"
            },
            "require-dev": {
                "facebook/fbexpect": "^2.0.0",
                "hhvm/hacktest": "^2.0",
                "hhvm/hhast": "^4.0",
                "hhvm/hhvm-autoload": "^2.0|^3.0"
            },
            "default-branch": true,
            "type": "library",
            "extra": {
                "branch-alias": {
                    "dev-master": "4.x-dev"
                }
            },
            "notification-url": "https://packagist.org/downloads/",
            "license": [
                "MIT"
            ],
            "description": "Class library for XHP",
            "homepage": "https://github.com/facebook/xhp-lib",
            "keywords": [
                "facebook",
                "hack",
                "hhvm",
                "xhp"
            ],
            "support": {
                "issues": "https://github.com/hhvm/xhp-lib/issues",
                "source": "https://github.com/hhvm/xhp-lib/tree/master"
            },
            "time": "2021-03-15T17:03:36+00:00"
        },
        {
            "name": "hhvm/hacktest",
            "version": "dev-master",
            "source": {
                "type": "git",
                "url": "https://github.com/hhvm/hacktest.git",
                "reference": "3a99adb08dbf6e5096a4940310fdf83b0ca309c2"
            },
            "dist": {
                "type": "zip",
                "url": "https://api.github.com/repos/hhvm/hacktest/zipball/3a99adb08dbf6e5096a4940310fdf83b0ca309c2",
                "reference": "3a99adb08dbf6e5096a4940310fdf83b0ca309c2",
                "shasum": ""
            },
            "require": {
                "facebook/hh-clilib": "^2.5.0rc1",
                "hhvm": "^4.60",
                "hhvm/hhvm-autoload": "^2.0.2|^3.0",
                "hhvm/hsl-experimental": "^4.58.0rc1",
                "hhvm/hsl-io": "^0.2.0|^0.3.0",
                "hhvm/type-assert": "^3.0|^4.0"
            },
            "require-dev": {
                "facebook/fbexpect": "^2.3.0",
                "hhvm/hhast": "^4.0"
            },
            "default-branch": true,
            "bin": [
                "bin/hacktest",
                "bin/hacktest.hack"
            ],
            "type": "library",
            "extra": {
                "branch-alias": {
                    "dev-master": "2.x-dev",
                    "dev-CI_current_pull_request": "2.x-dev"
                }
            },
            "notification-url": "https://packagist.org/downloads/",
            "license": [
                "MIT"
            ],
            "description": "The Hack Test Library",
            "support": {
                "issues": "https://github.com/hhvm/hacktest/issues",
                "source": "https://github.com/hhvm/hacktest/tree/master"
            },
            "time": "2021-03-16T15:12:58+00:00"
        },
        {
            "name": "hhvm/hhast",
            "version": "dev-master",
            "source": {
                "type": "git",
                "url": "https://github.com/hhvm/hhast.git",
                "reference": "a458cfa93c6de7e0d5d79e8242f50134187b8c6a"
            },
            "dist": {
                "type": "zip",
                "url": "https://api.github.com/repos/hhvm/hhast/zipball/a458cfa93c6de7e0d5d79e8242f50134187b8c6a",
                "reference": "a458cfa93c6de7e0d5d79e8242f50134187b8c6a",
                "shasum": ""
            },
            "require": {
                "facebook/difflib": "^1.0.0",
                "facebook/hh-clilib": "^2.5.0rc1",
                "hhvm": "^4.103",
                "hhvm/hhvm-autoload": "^2.0.4|^3.0",
                "hhvm/hsl": "^4.25",
                "hhvm/hsl-experimental": "^4.58.0rc1",
                "hhvm/hsl-io": "^0.2.0|0.3.0",
                "hhvm/type-assert": "^3.0|^4.0"
            },
            "require-dev": {
                "facebook/fbexpect": "^2.1.1",
                "facebook/hack-codegen": "^4.0",
                "hhvm/hacktest": "^2.2.0"
            },
            "default-branch": true,
            "bin": [
                "bin/hhast-lint",
                "bin/hhast-lint.hack",
                "bin/hhast-migrate",
                "bin/hhast-migrate.hack"
            ],
            "type": "library",
            "extra": {
                "branch-alias": {
                    "dev-master": "4.x-dev"
                }
            },
            "notification-url": "https://packagist.org/downloads/",
            "license": [
                "MIT"
            ],
            "description": "A mutable AST library for Hack with linting and code migrations",
            "support": {
                "issues": "https://github.com/hhvm/hhast/issues",
                "source": "https://github.com/hhvm/hhast/tree/v4.103.1"
            },
            "time": "2021-03-31T22:58:13+00:00"
        },
        {
            "name": "hhvm/hhvm-autoload",
            "version": "dev-master",
            "source": {
                "type": "git",
                "url": "https://github.com/hhvm/hhvm-autoload.git",
                "reference": "a2c3f313621959ba5f2e39c4e738459caa939f70"
            },
            "dist": {
                "type": "zip",
                "url": "https://api.github.com/repos/hhvm/hhvm-autoload/zipball/a2c3f313621959ba5f2e39c4e738459caa939f70",
                "reference": "a2c3f313621959ba5f2e39c4e738459caa939f70",
                "shasum": ""
            },
            "require": {
                "composer-plugin-api": "^1.0|^2.0",
                "hhvm": "^4.67",
                "hhvm/hsl": "^4.0"
            },
            "replace": {
                "facebook/hhvm-autoload": "1.*"
            },
            "require-dev": {
                "facebook/fbexpect": "^2.1",
                "hhvm/hacktest": "^2.0"
            },
            "default-branch": true,
            "bin": [
                "bin/hh-autoload",
                "bin/hh-autoload.hack"
            ],
            "type": "composer-plugin",
            "extra": {
                "class": [
                    "Facebook\\AutoloadMap\\ComposerPlugin"
                ],
                "branch-alias": {
                    "dev-master": "3.x-dev",
                    "dev-CI_current_pull_request": "3.x-dev"
                }
            },
            "autoload": {
                "classmap": [
                    "ComposerPlugin.php"
                ]
            },
            "notification-url": "https://packagist.org/downloads/",
            "license": [
                "MIT"
            ],
            "support": {
                "issues": "https://github.com/hhvm/hhvm-autoload/issues",
                "source": "https://github.com/hhvm/hhvm-autoload/tree/master"
            },
            "time": "2021-01-22T23:57:52+00:00"
        },
        {
            "name": "hhvm/hsl",
            "version": "dev-master",
            "source": {
                "type": "git",
                "url": "https://github.com/hhvm/hsl.git",
                "reference": "2f990da31936fce1b43b945b936f7fbcd63d6745"
            },
            "dist": {
                "type": "zip",
                "url": "https://api.github.com/repos/hhvm/hsl/zipball/2f990da31936fce1b43b945b936f7fbcd63d6745",
                "reference": "2f990da31936fce1b43b945b936f7fbcd63d6745",
                "shasum": ""
            },
            "require": {
                "hhvm": "^4.94"
            },
            "require-dev": {
                "facebook/fbexpect": "^2.5.1",
                "hhvm/hacktest": "^1.0|^2.0",
                "hhvm/hhvm-autoload": "^2.0|^3.0",
                "hhvm/hsl-experimental": "^4.37|dev-master"
            },
            "default-branch": true,
            "type": "library",
            "extra": {
                "branch-alias": {
                    "dev-master": "4.x-dev",
                    "dev-CI_current_pull_request": "4.x-dev"
                }
            },
            "notification-url": "https://packagist.org/downloads/",
            "license": [
                "MIT"
            ],
            "description": "The Hack Standard Library",
            "support": {
                "issues": "https://github.com/hhvm/hsl/issues",
                "source": "https://github.com/hhvm/hsl/tree/master"
            },
            "time": "2021-04-27T19:35:58+00:00"
        },
        {
            "name": "hhvm/hsl-experimental",
            "version": "dev-master",
            "source": {
                "type": "git",
                "url": "https://github.com/hhvm/hsl-experimental.git",
                "reference": "511b9406b5eeb1a375ef17a749d07d1341a82e27"
            },
            "dist": {
                "type": "zip",
                "url": "https://api.github.com/repos/hhvm/hsl-experimental/zipball/511b9406b5eeb1a375ef17a749d07d1341a82e27",
                "reference": "511b9406b5eeb1a375ef17a749d07d1341a82e27",
                "shasum": ""
            },
            "require": {
                "hhvm": "^4.99",
                "hhvm/hsl": "^4.15"
            },
            "provide": {
                "hhvm/hsl-io": "0.3.0"
            },
            "require-dev": {
                "facebook/fbexpect": "^2.7.0",
                "hhvm/hacktest": "^2.0",
                "hhvm/hhvm-autoload": "^2.0|^3.0"
            },
            "default-branch": true,
            "type": "library",
            "extra": {
                "branch-alias": {
                    "dev-master": "4.x-dev"
                }
            },
            "notification-url": "https://packagist.org/downloads/",
            "license": [
                "MIT"
            ],
            "description": "The Hack Standard Library - Experimental Additions",
            "support": {
                "issues": "https://github.com/hhvm/hsl-experimental/issues",
                "source": "https://github.com/hhvm/hsl-experimental/tree/master"
            },
            "time": "2021-04-12T18:26:59+00:00"
        },
        {
            "name": "hhvm/type-assert",
            "version": "dev-master",
            "source": {
                "type": "git",
                "url": "https://github.com/hhvm/type-assert.git",
                "reference": "42ba2b808889f59aa9255cbffa5ba88a73a4e9b8"
            },
            "dist": {
                "type": "zip",
                "url": "https://api.github.com/repos/hhvm/type-assert/zipball/42ba2b808889f59aa9255cbffa5ba88a73a4e9b8",
                "reference": "42ba2b808889f59aa9255cbffa5ba88a73a4e9b8",
                "shasum": ""
            },
            "require": {
                "hhvm": "^4.80",
                "hhvm/hsl": "^4.0"
            },
            "require-dev": {
                "facebook/fbexpect": "^2.0.0",
                "hhvm/hacktest": "^2.0",
                "hhvm/hhast": "^4.0",
                "hhvm/hhvm-autoload": "^2.0|^3.0"
            },
            "default-branch": true,
            "type": "library",
            "extra": {
                "branch-alias": {
                    "dev-master": "4.x-dev"
                }
            },
            "notification-url": "https://packagist.org/downloads/",
            "license": [
                "MIT"
            ],
            "description": "Convert untyped data to typed data",
            "keywords": [
                "TypeAssert",
                "hack"
            ],
            "support": {
                "issues": "https://github.com/hhvm/type-assert/issues",
                "source": "https://github.com/hhvm/type-assert/tree/master"
            },
            "time": "2021-03-25T23:33:27+00:00"
        },
        {
            "name": "nuxed/contract",
            "version": "v1.2.0",
            "source": {
                "type": "git",
                "url": "https://github.com/nuxed/contract.git",
                "reference": "03acc951ce45245ac2eff293f2887cc2383d88cc"
            },
            "dist": {
                "type": "zip",
                "url": "https://api.github.com/repos/nuxed/contract/zipball/03acc951ce45245ac2eff293f2887cc2383d88cc",
                "reference": "03acc951ce45245ac2eff293f2887cc2383d88cc",
                "shasum": ""
            },
            "require": {
                "hhvm": "^4.83",
                "hhvm/hsl": "^4.41",
                "hhvm/hsl-experimental": "^4.66"
            },
            "require-dev": {
                "facebook/difflib": "^1.1.1",
                "facebook/hh-clilib": "^2.5.2",
                "hhvm/hhast": "^4.82.2",
                "hhvm/hhvm-autoload": "^3.1.6",
                "hhvm/type-assert": "^4.1.2"
            },
            "type": "library",
            "notification-url": "https://packagist.org/downloads/",
            "license": [
                "MIT"
            ],
            "authors": [
                {
                    "name": "azjezz",
                    "email": "azjezz@protonmail.com"
                },
                {
                    "name": "Nuxed Community",
                    "homepage": "https://github.com/nuxed/contract/graphs/contributors"
                }
            ],
            "description": "Nuxed Contract",
            "support": {
                "issues": "https://github.com/nuxed/contract/issues",
                "source": "https://github.com/nuxed/contract/tree/v1.2.0"
            },
            "time": "2020-11-14T22:50:54+00:00"
        },
        {
            "name": "nuxed/crypto",
            "version": "v1.2.0",
            "source": {
                "type": "git",
                "url": "https://github.com/nuxed/crypto.git",
                "reference": "135008dd93a9a6e5aa8289ae5721357d720c218a"
            },
            "dist": {
                "type": "zip",
                "url": "https://api.github.com/repos/nuxed/crypto/zipball/135008dd93a9a6e5aa8289ae5721357d720c218a",
                "reference": "135008dd93a9a6e5aa8289ae5721357d720c218a",
                "shasum": ""
            },
            "require": {
                "hhvm": "^4.56",
                "hhvm/hsl": "^4.40"
            },
            "require-dev": {
                "facebook/fbexpect": "^2.7",
                "hhvm/hacktest": "^2.0",
                "hhvm/hhast": "^4.25",
                "hhvm/hsl-experimental": "^4.50"
            },
            "type": "library",
            "notification-url": "https://packagist.org/downloads/",
            "license": [
                "MIT"
            ],
            "authors": [
                {
                    "name": "azjezz",
                    "email": "azjezz@protonmail.com"
                },
                {
                    "name": "Nuxed Community",
                    "homepage": "https://github.com/nuxed/crypto/graphs/contributors"
                }
            ],
            "description": "Nuxed Crypto",
            "support": {
                "issues": "https://github.com/nuxed/crypto/issues",
                "source": "https://github.com/nuxed/crypto/tree/v1.2.0"
            },
            "time": "2020-05-09T10:50:54+00:00"
        },
        {
            "name": "nuxed/event-dispatcher",
            "version": "v1.1.0",
            "source": {
                "type": "git",
                "url": "https://github.com/nuxed/event-dispatcher.git",
                "reference": "56ad5450b96dd4d4175077bb12bdffc133325899"
            },
            "dist": {
                "type": "zip",
                "url": "https://api.github.com/repos/nuxed/event-dispatcher/zipball/56ad5450b96dd4d4175077bb12bdffc133325899",
                "reference": "56ad5450b96dd4d4175077bb12bdffc133325899",
                "shasum": ""
            },
            "require": {
                "hhvm": "^4.56",
                "hhvm/hsl": "^4.40",
                "nuxed/contract": "^1.1"
            },
            "require-dev": {
                "facebook/fbexpect": "^2.7",
                "hhvm/hacktest": "^1.6|^2.0",
                "hhvm/hhast": "^4.25"
            },
            "type": "library",
            "notification-url": "https://packagist.org/downloads/",
            "license": [
                "MIT"
            ],
            "authors": [
                {
                    "name": "azjezz",
                    "email": "azjezz@protonmail.com"
                },
                {
                    "name": "Nuxed Community",
                    "homepage": "https://github.com/nuxed/event-dispatcher/graphs/contributors"
                }
            ],
            "description": "Nuxed Event Dispatcher",
            "support": {
                "issues": "https://github.com/nuxed/event-dispatcher/issues",
                "source": "https://github.com/nuxed/event-dispatcher/tree/v1.1.0"
            },
            "time": "2020-05-09T12:18:58+00:00"
        },
        {
            "name": "nuxed/inflector",
            "version": "dev-develop",
            "source": {
                "type": "git",
                "url": "https://github.com/nuxed/inflector.git",
                "reference": "e0d717b679bc34a943a01d1b5a8b8f3b9808781c"
            },
            "dist": {
                "type": "zip",
                "url": "https://api.github.com/repos/nuxed/inflector/zipball/e0d717b679bc34a943a01d1b5a8b8f3b9808781c",
                "reference": "e0d717b679bc34a943a01d1b5a8b8f3b9808781c",
                "shasum": ""
            },
            "require": {
                "hhvm": "^4.25",
                "hhvm/hsl": "^4.25"
            },
            "require-dev": {
                "facebook/fbexpect": "^2.7",
                "hhvm/hacktest": "^2.0",
                "hhvm/hhast": "^4.25"
            },
            "default-branch": true,
            "type": "library",
            "notification-url": "https://packagist.org/downloads/",
            "license": [
                "MIT"
            ],
            "authors": [
                {
                    "name": "azjezz",
                    "email": "azjezz@protonmail.com"
                },
                {
                    "name": "Nuxed Community",
                    "homepage": "https://github.com/nuxed/inflector/graphs/contributors"
                }
            ],
            "description": "Nuxed Inflector",
            "support": {
                "issues": "https://github.com/nuxed/inflector/issues",
                "source": "https://github.com/nuxed/inflector/tree/develop"
            },
            "time": "2019-12-01T22:24:35+00:00"
        },
        {
            "name": "nuxed/uuid",
            "version": "dev-develop",
            "source": {
                "type": "git",
                "url": "https://github.com/nuxed/uuid.git",
                "reference": "814b388c18a0594cc158f398546a3d68d8ce7813"
            },
            "dist": {
                "type": "zip",
                "url": "https://api.github.com/repos/nuxed/uuid/zipball/814b388c18a0594cc158f398546a3d68d8ce7813",
                "reference": "814b388c18a0594cc158f398546a3d68d8ce7813",
                "shasum": ""
            },
            "require": {
                "hhvm": "^4.25",
                "hhvm/hsl": "^4.25",
                "nuxed/crypto": "^1.0"
            },
            "require-dev": {
                "facebook/fbexpect": "^2.7",
                "hhvm/hacktest": "^2.0",
                "hhvm/hhast": "^4.25"
            },
            "default-branch": true,
            "type": "library",
            "notification-url": "https://packagist.org/downloads/",
            "license": [
                "MIT"
            ],
            "authors": [
                {
                    "name": "azjezz",
                    "email": "azjezz@protonmail.com"
                },
                {
                    "name": "Nuxed Community",
                    "homepage": "https://github.com/nuxed/uuid/graphs/contributors"
                }
            ],
            "description": "Nuxed Uuid",
            "support": {
                "issues": "https://github.com/nuxed/uuid/issues",
                "source": "https://github.com/nuxed/uuid/tree/develop"
            },
            "time": "2020-04-23T17:10:04+00:00"
        },
        {
            "name": "quizlet/fb_intercept_polyfill",
            "version": "v2.0.x-dev",
            "source": {
                "type": "git",
                "url": "https://github.com/quizlet/fb_intercept_polyfill.git",
                "reference": "b246d64c3a2a1bfa438230da4ab41d690dcfa4c5"
            },
            "dist": {
                "type": "zip",
                "url": "https://api.github.com/repos/quizlet/fb_intercept_polyfill/zipball/b246d64c3a2a1bfa438230da4ab41d690dcfa4c5",
                "reference": "b246d64c3a2a1bfa438230da4ab41d690dcfa4c5",
                "shasum": ""
            },
            "require": {
                "hhvm": ">=4.26",
                "hhvm/hhvm-autoload": "^1|^2|^3",
                "hhvm/hsl": ">=4.7 <5"
            },
            "require-dev": {
                "facebook/fbexpect": "^1|^2",
                "hhvm/hacktest": "^1|^2"
            },
            "type": "library",
            "notification-url": "https://packagist.org/downloads/",
            "description": "A polyfill for using fb_intercept across hhvm 3.24 -> 4.present",
            "support": {
                "issues": "https://github.com/quizlet/fb_intercept_polyfill/issues",
                "source": "https://github.com/quizlet/fb_intercept_polyfill/tree/v2.0.x"
            },
            "time": "2020-08-18T00:02:44+00:00"
        },
        {
            "name": "quizlet/hammock",
            "version": "dev-master",
            "source": {
                "type": "git",
                "url": "https://github.com/quizlet/hammock.git",
                "reference": "ac580f4103ef67bbdcf33df3dc4f1329d7e99825"
            },
            "dist": {
                "type": "zip",
                "url": "https://api.github.com/repos/quizlet/hammock/zipball/ac580f4103ef67bbdcf33df3dc4f1329d7e99825",
                "reference": "ac580f4103ef67bbdcf33df3dc4f1329d7e99825",
                "shasum": ""
            },
            "require": {
                "hhvm": ">=3.24",
                "hhvm/hhvm-autoload": "^1|^2|^3",
                "hhvm/hsl": ">=1.4 <5",
                "quizlet/fb_intercept_polyfill": "^1|^2"
            },
            "default-branch": true,
            "type": "library",
            "notification-url": "https://packagist.org/downloads/",
            "license": [
                "MIT"
            ],
            "authors": [
                {
                    "name": "Riya Dashoriya",
                    "email": "riya.dashoriya@quizlet.com"
                },
                {
                    "name": "Tyron Jung",
                    "email": "tyron.jung@quizlet.com"
                }
            ],
            "description": "Hammock is a stand-alone mocking library for Hacklang.",
            "homepage": "https://github.com/quizlet/hammock",
            "keywords": [
                "hack",
                "hacklang",
                "hammock",
                "library",
                "mock",
                "mocking",
                "php",
                "test",
                "testing"
            ],
            "support": {
                "issues": "https://github.com/quizlet/hammock/issues",
                "source": "https://github.com/quizlet/hammock/tree/master"
            },
            "time": "2021-02-26T22:30:04+00:00"
        },
        {
            "name": "usox/hack-http-factory-interfaces",
            "version": "v0.2.2",
            "source": {
                "type": "git",
                "url": "https://github.com/usox/hack-http-factory-interfaces.git",
                "reference": "412fdeb8d85c83bef558223bf5ed25e5e7e37692"
            },
            "dist": {
                "type": "zip",
                "url": "https://api.github.com/repos/usox/hack-http-factory-interfaces/zipball/412fdeb8d85c83bef558223bf5ed25e5e7e37692",
                "reference": "412fdeb8d85c83bef558223bf5ed25e5e7e37692",
                "shasum": ""
            },
            "require": {
                "facebook/hack-http-request-response-interfaces": "^0.2|^0.3",
                "hhvm": "^4.0"
            },
            "type": "library",
            "autoload": {
                "psr-4": {
                    "Usox\\HackHttpFactory\\": "src/"
                }
            },
            "notification-url": "https://packagist.org/downloads/",
            "license": [
                "MIT"
            ],
            "authors": [
                {
                    "name": "Daniel Jakob",
                    "email": "dev@usox.org"
                }
            ],
            "description": "PSR-17 like http factory interfaces",
            "homepage": "https://github.com/usox/hack-http-factory-interfaces",
            "keywords": [
                "factory",
                "hack",
                "hhvm",
                "http"
            ],
            "support": {
                "issues": "https://github.com/usox/hack-http-factory-interfaces/issues",
                "source": "https://github.com/usox/hack-http-factory-interfaces/tree/master"
            },
            "time": "2020-04-08T16:17:10+00:00"
        },
        {
            "name": "usox/hackttp",
            "version": "dev-master",
            "source": {
                "type": "git",
                "url": "https://github.com/usox/hackttp.git",
                "reference": "a5ba0a2c4dc31f06b4907026b3bc0bd208a07a24"
            },
            "dist": {
                "type": "zip",
                "url": "https://api.github.com/repos/usox/hackttp/zipball/a5ba0a2c4dc31f06b4907026b3bc0bd208a07a24",
                "reference": "a5ba0a2c4dc31f06b4907026b3bc0bd208a07a24",
                "shasum": ""
            },
            "require": {
                "facebook/hack-http-request-response-interfaces": "^0.3",
                "hhvm": "^4.93",
                "hhvm/hsl": "^4.25",
                "hhvm/hsl-experimental": "^4.58",
                "hhvm/hsl-io": "^0.3.0",
                "hhvm/type-assert": "^3.3|^4.0",
                "usox/hack-http-factory-interfaces": "^0.2"
            },
            "require-dev": {
                "hhvm/hacktest": "^1.4|^2.0",
                "hhvm/hhast": "^4.1",
                "usox/hackmock": "^1.3"
            },
            "default-branch": true,
            "type": "library",
            "autoload": {
                "psr-4": {
                    "Usox\\HackTTP\\": "src/"
                }
            },
            "notification-url": "https://packagist.org/downloads/",
            "license": [
                "MIT"
            ],
            "authors": [
                {
                    "name": "Daniel Jakob",
                    "email": "dev@usox.org",
                    "role": "Developer"
                }
            ],
            "description": "Work in progress demo implementation of facebookexperimental/hack-http-request-response-interfaces",
            "homepage": "https://github.com/usox/hackttp",
            "keywords": [
                "hack",
                "hacklang",
                "hhvm",
                "http",
                "message",
                "request",
                "response",
                "stream"
            ],
            "support": {
                "issues": "https://github.com/usox/hackttp/issues",
                "source": "https://github.com/usox/hackttp/tree/master"
            },
            "time": "2021-04-12T06:06:05+00:00"
        }
    ],
    "packages-dev": [],
    "aliases": [],
    "minimum-stability": "dev",
    "stability-flags": [],
    "prefer-stable": false,
    "prefer-lowest": false,
    "platform": {
        "hhvm": "^4.98"
    },
    "platform-dev": [],
    "plugin-api-version": "2.0.0"
}
